
Microsoft Visual Studio Solution File, Format Version 12.00
# Visual Studio Version 16
VisualStudioVersion = 16.0.30204.135
MinimumVisualStudioVersion = 10.0.40219.1
Project("{FAE04EC0-301F-11D3-BF4B-00C04F79EFBC}") = "1172_Avanti_NewBusiness_DB1", "1172_Avanti_NewBusiness_DB1\1172_Avanti_NewBusiness_DB1.csproj", "{5F5D236E-B2A8-4F3C-85AA-F9F52DB3CBFF}"
EndProject
Global
	GlobalSection(SolutionConfigurationPlatforms) = preSolution
		Debug|Any CPU = Debug|Any CPU
		Release|Any CPU = Release|Any CPU
	EndGlobalSection
	GlobalSection(ProjectConfigurationPlatforms) = postSolution
		{5F5D236E-B2A8-4F3C-85AA-F9F52DB3CBFF}.Debug|Any CPU.ActiveCfg = Debug|Any CPU
		{5F5D236E-B2A8-4F3C-85AA-F9F52DB3CBFF}.Debug|Any CPU.Build.0 = Debug|Any CPU
		{5F5D236E-B2A8-4F3C-85AA-F9F52DB3CBFF}.Release|Any CPU.ActiveCfg = Release|Any CPU
		{5F5D236E-B2A8-4F3C-85AA-F9F52DB3CBFF}.Release|Any CPU.Build.0 = Release|Any CPU
	EndGlobalSection
	GlobalSection(SolutionProperties) = preSolution
		HideSolutionNode = FALSE
	EndGlobalSection
	GlobalSection(ExtensibilityGlobals) = postSolution
		SolutionGuid = {188A9D3E-199E-46F9-B3EA-281E4D937EA8}
	EndGlobalSection
EndGlobal
